// !$*UTF8*$!
{
	archiveVersion = 1;
	classes = {
	};
	objectVersion = 50;
	objects = {

/* Begin PBXBuildFile section */
		04EE542921A52B6F00EBF40E /* AppDelegate.m in Sources */ = {isa = PBXBuildFile; fileRef = 04EE542821A52B6F00EBF40E /* AppDelegate.m */; };
		04EE542C21A52B6F00EBF40E /* ViewController.m in Sources */ = {isa = PBXBuildFile; fileRef = 04EE542B21A52B6F00EBF40E /* ViewController.m */; };
		04EE542F21A52B6F00EBF40E /* Main.storyboard in Resources */ = {isa = PBXBuildFile; fileRef = 04EE542D21A52B6F00EBF40E /* Main.storyboard */; };
		04EE543121A52B7000EBF40E /* Assets.xcassets in Resources */ = {isa = PBXBuildFile; fileRef = 04EE543021A52B7000EBF40E /* Assets.xcassets */; };
		04EE543421A52B7000EBF40E /* LaunchScreen.storyboard in Resources */ = {isa = PBXBuildFile; fileRef = 04EE543221A52B7000EBF40E /* LaunchScreen.storyboard */; };
		04EE543721A52B7000EBF40E /* main.m in Sources */ = {isa = PBXBuildFile; fileRef = 04EE543621A52B7000EBF40E /* main.m */; };
		04EE544021A52BF500EBF40E /* GHomePrint.m in Sources */ = {isa = PBXBuildFile; fileRef = 04EE543F21A52BF500EBF40E /* GHomePrint.m */; };
/* End PBXBuildFile section */

/* Begin PBXFileReference section */
		04EE542421A52B6F00EBF40E /* GHomePrintDemo.app */ = {isa = PBXFileReference; explicitFileType = wrapper.application; includeInIndex = 0; path = GHomePrintDemo.app; sourceTree = BUILT_PRODUCTS_DIR; };
		04EE542721A52B6F00EBF40E /* AppDelegate.h */ = {isa = PBXFileReference; lastKnownFileType = sourcecode.c.h; path = AppDelegate.h; sourceTree = "<group>"; };
		04EE542821A52B6F00EBF40E /* AppDelegate.m */ = {isa = PBXFileReference; lastKnownFileType = sourcecode.c.objc; path = AppDelegate.m; sourceTree = "<group>"; };
		04EE542A21A52B6F00EBF40E /* ViewController.h */ = {isa = PBXFileReference; lastKnownFileType = sourcecode.c.h; path = ViewController.h; sourceTree = "<group>"; };
		04EE542B21A52B6F00EBF40E /* ViewController.m */ = {isa = PBXFileReference; lastKnownFileType = sourcecode.c.objc; path = ViewController.m; sourceTree = "<group>"; };
		04EE542E21A52B6F00EBF40E /* Base */ = {isa = PBXFileReference; lastKnownFileType = file.storyboard; name = Base; path = Base.lproj/Main.storyboard; sourceTree = "<group>"; };
		04EE543021A52B7000EBF40E /* Assets.xcassets */ = {isa = PBXFileReference; lastKnownFileType = folder.assetcatalog; path = Assets.xcassets; sourceTree = "<group>"; };
		04EE543321A52B7000EBF40E /* Base */ = {isa = PBXFileReference; lastKnownFileType = file.storyboard; name = Base; path = Base.lproj/LaunchScreen.storyboard; sourceTree = "<group>"; };
		04EE543521A52B7000EBF40E /* Info.plist */ = {isa = PBXFileReference; lastKnownFileType = text.plist.xml; path = Info.plist; sourceTree = "<group>"; };
		04EE543621A52B7000EBF40E /* main.m */ = {isa = PBXFileReference; lastKnownFileType = sourcecode.c.objc; path = main.m; sourceTree = "<group>"; };
		04EE543E21A52BF500EBF40E /* GHomePrint.h */ = {isa = PBXFileReference; lastKnownFileType = sourcecode.c.h; path = GHomePrint.h; sourceTree = "<group>"; };
		04EE543F21A52BF500EBF40E /* GHomePrint.m */ = {isa = PBXFileReference; lastKnownFileType = sourcecode.c.objc; path = GHomePrint.m; sourceTree = "<group>"; };
/* End PBXFileReference section */

/* Begin PBXFrameworksBuildPhase section */
		04EE542121A52B6F00EBF40E /* Frameworks */ = {
			isa = PBXFrameworksBuildPhase;
			buildActionMask = 2147483647;
			files = (
			);
			runOnlyForDeploymentPostprocessing = 0;
		};
/* End PBXFrameworksBuildPhase section */

/* Begin PBXGroup section */
		04EE541B21A52B6F00EBF40E = {
			isa = PBXGroup;
			children = (
				04EE543D21A52BCE00EBF40E /* GHomePrint */,
				04EE542621A52B6F00EBF40E /* GHomePrintDemo */,
				04EE542521A52B6F00EBF40E /* Products */,
			);
			sourceTree = "<group>";
		};
		04EE542521A52B6F00EBF40E /* Products */ = {
			isa = PBXGroup;
			children = (
				04EE542421A52B6F00EBF40E /* GHomePrintDemo.app */,
			);
			name = Products;
			sourceTree = "<group>";
		};
		04EE542621A52B6F00EBF40E /* GHomePrintDemo */ = {
			isa = PBXGroup;
			children = (
				04EE542721A52B6F00EBF40E /* AppDelegate.h */,
				04EE542821A52B6F00EBF40E /* AppDelegate.m */,
				04EE542A21A52B6F00EBF40E /* ViewController.h */,
				04EE542B21A52B6F00EBF40E /* ViewController.m */,
				04EE542D21A52B6F00EBF40E /* Main.storyboard */,
				04EE543021A52B7000EBF40E /* Assets.xcassets */,
				04EE543221A52B7000EBF40E /* LaunchScreen.storyboard */,
				04EE543521A52B7000EBF40E /* Info.plist */,
				04EE543621A52B7000EBF40E /* main.m */,
			);
			path = GHomePrintDemo;
			sourceTree = "<group>";
		};
		04EE543D21A52BCE00EBF40E /* GHomePrint */ = {
			isa = PBXGroup;
			children = (
				04EE543E21A52BF500EBF40E /* GHomePrint.h */,
				04EE543F21A52BF500EBF40E /* GHomePrint.m */,
			);
			path = GHomePrint;
			sourceTree = "<group>";
		};
/* End PBXGroup section */

/* Begin PBXNativeTarget section */
		04EE542321A52B6F00EBF40E /* GHomePrintDemo */ = {
			isa = PBXNativeTarget;
			buildConfigurationList = 04EE543A21A52B7000EBF40E /* Build configuration list for PBXNativeTarget "GHomePrintDemo" */;
			buildPhases = (
				04EE542021A52B6F00EBF40E /* Sources */,
				04EE542121A52B6F00EBF40E /* Frameworks */,
				04EE542221A52B6F00EBF40E /* Resources */,
			);
			buildRules = (
			);
			dependencies = (
			);
			name = GHomePrintDemo;
			productName = GHomePrintDemo;
			productReference = 04EE542421A52B6F00EBF40E /* GHomePrintDemo.app */;
			productType = "com.apple.product-type.application";
		};
/* End PBXNativeTarget section */

/* Begin PBXProject section */
		04EE541C21A52B6F00EBF40E /* Project object */ = {
			isa = PBXProject;
			attributes = {
				LastUpgradeCheck = 1010;
				ORGANIZATIONNAME = GHome;
				TargetAttributes = {
					04EE542321A52B6F00EBF40E = {
						CreatedOnToolsVersion = 10.1;
					};
				};
			};
			buildConfigurationList = 04EE541F21A52B6F00EBF40E /* Build configuration list for PBXProject "GHomePrintDemo" */;
			compatibilityVersion = "Xcode 9.3";
			developmentRegion = en;
			hasScannedForEncodings = 0;
			knownRegions = (
				en,
				Base,
			);
			mainGroup = 04EE541B21A52B6F00EBF40E;
			productRefGroup = 04EE542521A52B6F00EBF40E /* Products */;
			projectDirPath = "";
			projectRoot = "";
			targets = (
				04EE542321A52B6F00EBF40E /* GHomePrintDemo */,
			);
		};
/* End PBXProject section */

/* Begin PBXResourcesBuildPhase section */
		04EE542221A52B6F00EBF40E /* Resources */ = {
			isa = PBXResourcesBuildPhase;
			buildActionMask = 2147483647;
			files = (
				04EE543421A52B7000EBF40E /* LaunchScreen.storyboard in Resources */,
				04EE543121A52B7000EBF40E /* Assets.xcassets in Resources */,
				04EE542F21A52B6F00EBF40E /* Main.storyboard in Resources */,
			);
			runOnlyForDeploymentPostprocessing = 0;
		};
/* End PBXResourcesBuildPhase section */

/* Begin PBXSourcesBuildPhase section */
		04EE542021A52B6F00EBF40E /* Sources */ = {
			isa = PBXSourcesBuildPhase;
			buildActionMask = 2147483647;
			files = (
				04EE544021A52BF500EBF40E /* GHomePrint.m in Sources */,
				04EE542C21A52B6F00EBF40E /* ViewController.m in Sources */,
				04EE543721A52B7000EBF40E /* main.m in Sources */,
				04EE542921A52B6F00EBF40E /* AppDelegate.m in Sources */,
			);
			runOnlyForDeploymentPostprocessing = 0;
		};
/* End PBXSourcesBuildPhase section */

/* Begin PBXVariantGroup section */
		04EE542D21A52B6F00EBF40E /* Main.storyboard */ = {
			isa = PBXVariantGroup;
			children = (
				04EE542E21A52B6F00EBF40E /* Base */,
			);
			name = Main.storyboard;
			sourceTree = "<group>";
		};
		04EE543221A52B7000EBF40E /* LaunchScreen.storyboard */ = {
			isa = PBXVariantGroup;
			children = (
				04EE543321A52B7000EBF40E /* Base */,
			);
			name = LaunchScreen.storyboard;
			sourceTree = "<group>";
		};
/* End PBXVariantGroup section */

/* Begin XCBuildConfiguration section */
		04EE543821A52B7000EBF40E /* Debug */ = {
			isa = XCBuildConfiguration;
			buildSettings = {
				ALWAYS_SEARCH_USER_PATHS = NO;
				CLANG_ANALYZER_NONNULL = YES;
				CLANG_ANALYZER_NUMBER_OBJECT_CONVERSION = YES_AGGRESSIVE;
				CLANG_CXX_LANGUAGE_STANDARD = "gnu++14";
				CLANG_CXX_LIBRARY = "libc++";
				CLANG_ENABLE_MODULES = YES;
				CLANG_ENABLE_OBJC_ARC = YES;
				CLANG_ENABLE_OBJC_WEAK = YES;
				CLANG_WARN_BLOCK_CAPTURE_AUTORELEASING = YES;
				CLANG_WARN_BOOL_CONVERSION = YES;
				CLANG_WARN_COMMA = YES;
				CLANG_WARN_CONSTANT_CONVERSION = YES;
				CLANG_WARN_DEPRECATED_OBJC_IMPLEMENTATIONS = YES;
				CLANG_WARN_DIRECT_OBJC_ISA_USAGE = YES_ERROR;
				CLANG_WARN_DOCUMENTATION_COMMENTS = YES;
				CLANG_WARN_EMPTY_BODY = YES;
				CLANG_WARN_ENUM_CONVERSION = YES;
				CLANG_WARN_INFINITE_RECURSION = YES;
				CLANG_WARN_INT_CONVERSION = YES;
				CLANG_WARN_NON_LITERAL_NULL_CONVERSION = YES;
				CLANG_WARN_OBJC_IMPLICIT_RETAIN_SELF = YES;
				CLANG_WARN_OBJC_LITERAL_CONVERSION = YES;
				CLANG_WARN_OBJC_ROOT_CLASS = YES_ERROR;
				CLANG_WARN_RANGE_LOOP_ANALYSIS = YES;
				CLANG_WARN_STRICT_PROTOTYPES = YES;
				CLANG_WARN_SUSPICIOUS_MOVE = YES;
				CLANG_WARN_UNGUARDED_AVAILABILITY = YES_AGGRESSIVE;
				CLANG_WARN_UNREACHABLE_CODE = YES;
				CLANG_WARN__DUPLICATE_METHOD_MATCH = YES;
				CODE_SIGN_IDENTITY = "iPhone Developer";
				COPY_PHASE_STRIP = NO;
				DEBUG_INFORMATION_FORMAT = dwarf;
				ENABLE_STRICT_OBJC_MSGSEND = YES;
				ENABLE_TESTABILITY = YES;
				GCC_C_LANGUAGE_STANDARD = gnu11;
				GCC_DYNAMIC_NO_PIC = NO;
				GCC_NO_COMMON_BLOCKS = YES;
				GCC_OPTIMIZATION_LEVEL = 0;
				GCC_PREPROCESSOR_DEFINITIONS = (
					"DEBUG=1",
					"$(inherited)",
				);
				GCC_WARN_64_TO_32_BIT_CONVERSION = YES;
				GCC_WARN_ABOUT_RETURN_TYPE = YES_ERROR;
				GCC_WARN_UNDECLARED_SELECTOR = YES;
				GCC_WARN_UNINITIALIZED_AUTOS = YES_AGGRESSIVE;
				GCC_WARN_UNUSED_FUNCTION = YES;
				GCC_WARN_UNUSED_VARIABLE = YES;
				IPHONEOS_DEPLOYMENT_TARGET = 12.1;
				MTL_ENABLE_DEBUG_INFO = INCLUDE_SOURCE;
				MTL_FAST_MATH = YES;
				ONLY_ACTIVE_ARCH = YES;
				SDKROOT = iphoneos;
			};
			name = Debug;
		};
		04EE543921A52B7000EBF40E /* Release */ = {
			isa = XCBuildConfiguration;
			buildSettings = {
				ALWAYS_SEARCH_USER_PATHS = NO;
				CLANG_ANALYZER_NONNULL = YES;
				CLANG_ANALYZER_NUMBER_OBJECT_CONVERSION = YES_AGGRESSIVE;
				CLANG_CXX_LANGUAGE_STANDARD = "gnu++14";
				CLANG_CXX_LIBRARY = "libc++";
				CLANG_ENABLE_MODULES = YES;
				CLANG_ENABLE_OBJC_ARC = YES;
				CLANG_ENABLE_OBJC_WEAK = YES;
				CLANG_WARN_BLOCK_CAPTURE_AUTORELEASING = YES;
				CLANG_WARN_BOOL_CONVERSION = YES;
				CLANG_WARN_COMMA = YES;
				CLANG_WARN_CONSTANT_CONVERSION = YES;
				CLANG_WARN_DEPRECATED_OBJC_IMPLEMENTATIONS = YES;
				CLANG_WARN_DIRECT_OBJC_ISA_USAGE = YES_ERROR;
				CLANG_WARN_DOCUMENTATION_COMMENTS = YES;
				CLANG_WARN_EMPTY_BODY = YES;
				CLANG_WARN_ENUM_CONVERSION = YES;
				CLANG_WARN_INFINITE_RECURSION = YES;
				CLANG_WARN_INT_CONVERSION = YES;
				CLANG_WARN_NON_LITERAL_NULL_CONVERSION = YES;
				CLANG_WARN_OBJC_IMPLICIT_RETAIN_SELF = YES;
				CLANG_WARN_OBJC_LITERAL_CONVERSION = YES;
				CLANG_WARN_OBJC_ROOT_CLASS = YES_ERROR;
				CLANG_WARN_RANGE_LOOP_ANALYSIS = YES;
				CLANG_WARN_STRICT_PROTOTYPES = YES;
				CLANG_WARN_SUSPICIOUS_MOVE = YES;
				CLANG_WARN_UNGUARDED_AVAILABILITY = YES_AGGRESSIVE;
				CLANG_WARN_UNREACHABLE_CODE = YES;
				CLANG_WARN__DUPLICATE_METHOD_MATCH = YES;
				CODE_SIGN_IDENTITY = "iPhone Developer";
				COPY_PHASE_STRIP = NO;
				DEBUG_INFORMATION_FORMAT = "dwarf-with-dsym";
				ENABLE_NS_ASSERTIONS = NO;
				ENABLE_STRICT_OBJC_MSGSEND = YES;
				GCC_C_LANGUAGE_STANDARD = gnu11;
				GCC_NO_COMMON_BLOCKS = YES;
				GCC_WARN_64_TO_32_BIT_CONVERSION = YES;
				GCC_WARN_ABOUT_RETURN_TYPE = YES_ERROR;
				GCC_WARN_UNDECLARED_SELECTOR = YES;
				GCC_WARN_UNINITIALIZED_AUTOS = YES_AGGRESSIVE;
				GCC_WARN_UNUSED_FUNCTION = YES;
				GCC_WARN_UNUSED_VARIABLE = YES;
				IPHONEOS_DEPLOYMENT_TARGET = 12.1;
				MTL_ENABLE_DEBUG_INFO = NO;
				MTL_FAST_MATH = YES;
				SDKROOT = iphoneos;
				VALIDATE_PRODUCT = YES;
			};
			name = Release;
		};
		04EE543B21A52B7000EBF40E /* Debug */ = {
			isa = XCBuildConfiguration;
			buildSettings = {
				ASSETCATALOG_COMPILER_APPICON_NAME = AppIcon;
				CODE_SIGN_STYLE = Automatic;
				DEVELOPMENT_TEAM = KZ9JB9ZT4S;
				INFOPLIST_FILE = GHomePrintDemo/Info.plist;
				IPHONEOS_DEPLOYMENT_TARGET = 11.0;
				LD_RUNPATH_SEARCH_PATHS = (
					"$(inherited)",
					"@executable_path/Frameworks",
				);
				PRODUCT_BUNDLE_IDENTIFIER = GHome.GHomePrintDemo;
				PRODUCT_NAME = "$(TARGET_NAME)";
				TARGETED_DEVICE_FAMILY = "1,2";
			};
			name = Debug;
		};
		04EE543C21A52B7000EBF40E /* Release */ = {
			isa = XCBuildConfiguration;
			buildSettings = {
				ASSETCATALOG_COMPILER_APPICON_NAME = AppIcon;
				CODE_SIGN_STYLE = Automatic;
				DEVELOPMENT_TEAM = KZ9JB9ZT4S;
				INFOPLIST_FILE = GHomePrintDemo/Info.plist;
				IPHONEOS_DEPLOYMENT_TARGET = 11.0;
				LD_RUNPATH_SEARCH_PATHS = (
					"$(inherited)",
					"@executable_path/Frameworks",
				);
				PRODUCT_BUNDLE_IDENTIFIER = GHome.GHomePrintDemo;
				PRODUCT_NAME = "$(TARGET_NAME)";
				TARGETED_DEVICE_FAMILY = "1,2";
			};
			name = Release;
		};
/* End XCBuildConfiguration section */

/* Begin XCConfigurationList section */
		04EE541F21A52B6F00EBF40E /* Build configuration list for PBXProject "GHomePrintDemo" */ = {
			isa = XCConfigurationList;
			buildConfigurations = (
				04EE543821A52B7000EBF40E /* Debug */,
				04EE543921A52B7000EBF40E /* Release */,
			);
			defaultConfigurationIsVisible = 0;
			defaultConfigurationName = Release;
		};
		04EE543A21A52B7000EBF40E /* Build configuration list for PBXNativeTarget "GHomePrintDemo" */ = {
			isa = XCConfigurationList;
			buildConfigurations = (
				04EE543B21A52B7000EBF40E /* Debug */,
				04EE543C21A52B7000EBF40E /* Release */,
			);
			defaultConfigurationIsVisible = 0;
			defaultConfigurationName = Release;
		};
/* End XCConfigurationList section */
	};
	rootObject = 04EE541C21A52B6F00EBF40E /* Project object */;
}
